// !$*UTF8*$!
{
	archiveVersion = 1;
	classes = {
	};
	objectVersion = 56;
	objects = {

/* Begin PBXBuildFile section */
		65BCDA9E2A8641CA00B8947D /* CreatingChartsApp.swift in Sources */ = {isa = PBXBuildFile; fileRef = 65BCDA9D2A8641CA00B8947D /* CreatingChartsApp.swift */; };
		65BCDAA02A8641CA00B8947D /* ContentView.swift in Sources */ = {isa = PBXBuildFile; fileRef = 65BCDA9F2A8641CA00B8947D /* ContentView.swift */; };
		65BCDAA22A8641CE00B8947D /* Assets.xcassets in Resources */ = {isa = PBXBuildFile; fileRef = 65BCDAA12A8641CE00B8947D /* Assets.xcassets */; };
		65BCDAA52A8641CE00B8947D /* Preview Assets.xcassets in Resources */ = {isa = PBXBuildFile; fileRef = 65BCDAA42A8641CE00B8947D /* Preview Assets.xcassets */; };
		65BCDAAC2A8641F600B8947D /* StaticChartView.swift in Sources */ = {isa = PBXBuildFile; fileRef = 65BCDAAB2A8641F600B8947D /* StaticChartView.swift */; };
		65BCDAAE2A8646B100B8947D /* DynamicChartView.swift in Sources */ = {isa = PBXBuildFile; fileRef = 65BCDAAD2A8646B100B8947D /* DynamicChartView.swift */; };
		65BCDAB12A864BF800B8947D /* PetData.swift in Sources */ = {isa = PBXBuildFile; fileRef = 65BCDAB02A864BF800B8947D /* PetData.swift */; };
		65BCDAB42A864D2900B8947D /* PetStatisticsView.swift in Sources */ = {isa = PBXBuildFile; fileRef = 65BCDAB32A864D2900B8947D /* PetStatisticsView.swift */; };
		65BCDAB62A86549600B8947D /* BarChartExampleView.swift in Sources */ = {isa = PBXBuildFile; fileRef = 65BCDAB52A86549600B8947D /* BarChartExampleView.swift */; };
		65BCDAB82A865A1800B8947D /* LineChartExampleView.swift in Sources */ = {isa = PBXBuildFile; fileRef = 65BCDAB72A865A1800B8947D /* LineChartExampleView.swift */; };
		65BCDABA2A865A6500B8947D /* PointChartExample.swift in Sources */ = {isa = PBXBuildFile; fileRef = 65BCDAB92A865A6500B8947D /* PointChartExample.swift */; };
		65BCDABC2A865AB100B8947D /* AreaChartExampleView.swift in Sources */ = {isa = PBXBuildFile; fileRef = 65BCDABB2A865AB100B8947D /* AreaChartExampleView.swift */; };
		65BCDABE2A865B1F00B8947D /* RuleChartExampleView.swift in Sources */ = {isa = PBXBuildFile; fileRef = 65BCDABD2A865B1F00B8947D /* RuleChartExampleView.swift */; };
		65BCDAC02A865BD700B8947D /* RectangleChartExampleView.swift in Sources */ = {isa = PBXBuildFile; fileRef = 65BCDABF2A865BD700B8947D /* RectangleChartExampleView.swift */; };
		65BCDAC22A865D1A00B8947D /* PieChartExampleView.swift in Sources */ = {isa = PBXBuildFile; fileRef = 65BCDAC12A865D1A00B8947D /* PieChartExampleView.swift */; };
/* End PBXBuildFile section */

/* Begin PBXFileReference section */
		65BCDA9A2A8641CA00B8947D /* CreatingCharts.app */ = {isa = PBXFileReference; explicitFileType = wrapper.application; includeInIndex = 0; path = CreatingCharts.app; sourceTree = BUILT_PRODUCTS_DIR; };
		65BCDA9D2A8641CA00B8947D /* CreatingChartsApp.swift */ = {isa = PBXFileReference; lastKnownFileType = sourcecode.swift; path = CreatingChartsApp.swift; sourceTree = "<group>"; };
		65BCDA9F2A8641CA00B8947D /* ContentView.swift */ = {isa = PBXFileReference; lastKnownFileType = sourcecode.swift; path = ContentView.swift; sourceTree = "<group>"; };
		65BCDAA12A8641CE00B8947D /* Assets.xcassets */ = {isa = PBXFileReference; lastKnownFileType = folder.assetcatalog; path = Assets.xcassets; sourceTree = "<group>"; };
		65BCDAA42A8641CE00B8947D /* Preview Assets.xcassets */ = {isa = PBXFileReference; lastKnownFileType = folder.assetcatalog; path = "Preview Assets.xcassets"; sourceTree = "<group>"; };
		65BCDAAB2A8641F600B8947D /* StaticChartView.swift */ = {isa = PBXFileReference; lastKnownFileType = sourcecode.swift; path = StaticChartView.swift; sourceTree = "<group>"; };
		65BCDAAD2A8646B100B8947D /* DynamicChartView.swift */ = {isa = PBXFileReference; lastKnownFileType = sourcecode.swift; path = DynamicChartView.swift; sourceTree = "<group>"; };
		65BCDAB02A864BF800B8947D /* PetData.swift */ = {isa = PBXFileReference; lastKnownFileType = sourcecode.swift; path = PetData.swift; sourceTree = "<group>"; };
		65BCDAB32A864D2900B8947D /* PetStatisticsView.swift */ = {isa = PBXFileReference; lastKnownFileType = sourcecode.swift; path = PetStatisticsView.swift; sourceTree = "<group>"; };
		65BCDAB52A86549600B8947D /* BarChartExampleView.swift */ = {isa = PBXFileReference; lastKnownFileType = sourcecode.swift; path = BarChartExampleView.swift; sourceTree = "<group>"; };
		65BCDAB72A865A1800B8947D /* LineChartExampleView.swift */ = {isa = PBXFileReference; lastKnownFileType = sourcecode.swift; path = LineChartExampleView.swift; sourceTree = "<group>"; };
		65BCDAB92A865A6500B8947D /* PointChartExample.swift */ = {isa = PBXFileReference; lastKnownFileType = sourcecode.swift; path = PointChartExample.swift; sourceTree = "<group>"; };
		65BCDABB2A865AB100B8947D /* AreaChartExampleView.swift */ = {isa = PBXFileReference; lastKnownFileType = sourcecode.swift; path = AreaChartExampleView.swift; sourceTree = "<group>"; };
		65BCDABD2A865B1F00B8947D /* RuleChartExampleView.swift */ = {isa = PBXFileReference; lastKnownFileType = sourcecode.swift; path = RuleChartExampleView.swift; sourceTree = "<group>"; };
		65BCDABF2A865BD700B8947D /* RectangleChartExampleView.swift */ = {isa = PBXFileReference; lastKnownFileType = sourcecode.swift; path = RectangleChartExampleView.swift; sourceTree = "<group>"; };
		65BCDAC12A865D1A00B8947D /* PieChartExampleView.swift */ = {isa = PBXFileReference; lastKnownFileType = sourcecode.swift; path = PieChartExampleView.swift; sourceTree = "<group>"; };
/* End PBXFileReference section */

/* Begin PBXFrameworksBuildPhase section */
		65BCDA972A8641CA00B8947D /* Frameworks */ = {
			isa = PBXFrameworksBuildPhase;
			buildActionMask = 2147483647;
			files = (
			);
			runOnlyForDeploymentPostprocessing = 0;
		};
/* End PBXFrameworksBuildPhase section */

/* Begin PBXGroup section */
		65BCDA912A8641CA00B8947D = {
			isa = PBXGroup;
			children = (
				65BCDA9C2A8641CA00B8947D /* CreatingCharts */,
				65BCDA9B2A8641CA00B8947D /* Products */,
			);
			sourceTree = "<group>";
		};
		65BCDA9B2A8641CA00B8947D /* Products */ = {
			isa = PBXGroup;
			children = (
				65BCDA9A2A8641CA00B8947D /* CreatingCharts.app */,
			);
			name = Products;
			sourceTree = "<group>";
		};
		65BCDA9C2A8641CA00B8947D /* CreatingCharts */ = {
			isa = PBXGroup;
			children = (
				65BCDAB22A864C0300B8947D /* charttype */,
				65BCDAAF2A864BE300B8947D /* petstatistics */,
				65BCDA9D2A8641CA00B8947D /* CreatingChartsApp.swift */,
				65BCDA9F2A8641CA00B8947D /* ContentView.swift */,
				65BCDAA12A8641CE00B8947D /* Assets.xcassets */,
				65BCDAA32A8641CE00B8947D /* Preview Content */,
			);
			path = CreatingCharts;
			sourceTree = "<group>";
		};
		65BCDAA32A8641CE00B8947D /* Preview Content */ = {
			isa = PBXGroup;
			children = (
				65BCDAA42A8641CE00B8947D /* Preview Assets.xcassets */,
			);
			path = "Preview Content";
			sourceTree = "<group>";
		};
		65BCDAAF2A864BE300B8947D /* petstatistics */ = {
			isa = PBXGroup;
			children = (
				65BCDAB02A864BF800B8947D /* PetData.swift */,
				65BCDAB32A864D2900B8947D /* PetStatisticsView.swift */,
			);
			path = petstatistics;
			sourceTree = "<group>";
		};
		65BCDAB22A864C0300B8947D /* charttype */ = {
			isa = PBXGroup;
			children = (
				65BCDAAB2A8641F600B8947D /* StaticChartView.swift */,
				65BCDAAD2A8646B100B8947D /* DynamicChartView.swift */,
				65BCDAB52A86549600B8947D /* BarChartExampleView.swift */,
				65BCDAB72A865A1800B8947D /* LineChartExampleView.swift */,
				65BCDAB92A865A6500B8947D /* PointChartExample.swift */,
				65BCDABB2A865AB100B8947D /* AreaChartExampleView.swift */,
				65BCDABD2A865B1F00B8947D /* RuleChartExampleView.swift */,
				65BCDABF2A865BD700B8947D /* RectangleChartExampleView.swift */,
				65BCDAC12A865D1A00B8947D /* PieChartExampleView.swift */,
			);
			path = charttype;
			sourceTree = "<group>";
		};
/* End PBXGroup section */

/* Begin PBXNativeTarget section */
		65BCDA992A8641CA00B8947D /* CreatingCharts */ = {
			isa = PBXNativeTarget;
			buildConfigurationList = 65BCDAA82A8641CE00B8947D /* Build configuration list for PBXNativeTarget "CreatingCharts" */;
			buildPhases = (
				65BCDA962A8641CA00B8947D /* Sources */,
				65BCDA972A8641CA00B8947D /* Frameworks */,
				65BCDA982A8641CA00B8947D /* Resources */,
			);
			buildRules = (
			);
			dependencies = (
			);
			name = CreatingCharts;
			productName = CreatingCharts;
			productReference = 65BCDA9A2A8641CA00B8947D /* CreatingCharts.app */;
			productType = "com.apple.product-type.application";
		};
/* End PBXNativeTarget section */

/* Begin PBXProject section */
		65BCDA922A8641CA00B8947D /* Project object */ = {
			isa = PBXProject;
			attributes = {
				BuildIndependentTargetsInParallel = 1;
				LastSwiftUpdateCheck = 1500;
				LastUpgradeCheck = 1500;
				TargetAttributes = {
					65BCDA992A8641CA00B8947D = {
						CreatedOnToolsVersion = 15.0;
					};
				};
			};
			buildConfigurationList = 65BCDA952A8641CA00B8947D /* Build configuration list for PBXProject "CreatingCharts" */;
			compatibilityVersion = "Xcode 14.0";
			developmentRegion = en;
			hasScannedForEncodings = 0;
			knownRegions = (
				en,
				Base,
			);
			mainGroup = 65BCDA912A8641CA00B8947D;
			productRefGroup = 65BCDA9B2A8641CA00B8947D /* Products */;
			projectDirPath = "";
			projectRoot = "";
			targets = (
				65BCDA992A8641CA00B8947D /* CreatingCharts */,
			);
		};
/* End PBXProject section */

/* Begin PBXResourcesBuildPhase section */
		65BCDA982A8641CA00B8947D /* Resources */ = {
			isa = PBXResourcesBuildPhase;
			buildActionMask = 2147483647;
			files = (
				65BCDAA52A8641CE00B8947D /* Preview Assets.xcassets in Resources */,
				65BCDAA22A8641CE00B8947D /* Assets.xcassets in Resources */,
			);
			runOnlyForDeploymentPostprocessing = 0;
		};
/* End PBXResourcesBuildPhase section */

/* Begin PBXSourcesBuildPhase section */
		65BCDA962A8641CA00B8947D /* Sources */ = {
			isa = PBXSourcesBuildPhase;
			buildActionMask = 2147483647;
			files = (
				65BCDAB12A864BF800B8947D /* PetData.swift in Sources */,
				65BCDABC2A865AB100B8947D /* AreaChartExampleView.swift in Sources */,
				65BCDAA02A8641CA00B8947D /* ContentView.swift in Sources */,
				65BCDA9E2A8641CA00B8947D /* CreatingChartsApp.swift in Sources */,
				65BCDAC02A865BD700B8947D /* RectangleChartExampleView.swift in Sources */,
				65BCDABA2A865A6500B8947D /* PointChartExample.swift in Sources */,
				65BCDAB42A864D2900B8947D /* PetStatisticsView.swift in Sources */,
				65BCDAAC2A8641F600B8947D /* StaticChartView.swift in Sources */,
				65BCDAC22A865D1A00B8947D /* PieChartExampleView.swift in Sources */,
				65BCDAAE2A8646B100B8947D /* DynamicChartView.swift in Sources */,
				65BCDAB82A865A1800B8947D /* LineChartExampleView.swift in Sources */,
				65BCDAB62A86549600B8947D /* BarChartExampleView.swift in Sources */,
				65BCDABE2A865B1F00B8947D /* RuleChartExampleView.swift in Sources */,
			);
			runOnlyForDeploymentPostprocessing = 0;
		};
/* End PBXSourcesBuildPhase section */

/* Begin XCBuildConfiguration section */
		65BCDAA62A8641CE00B8947D /* Debug */ = {
			isa = XCBuildConfiguration;
			buildSettings = {
				ALWAYS_SEARCH_USER_PATHS = NO;
				ASSETCATALOG_COMPILER_GENERATE_SWIFT_ASSET_SYMBOL_EXTENSIONS = YES;
				CLANG_ANALYZER_NONNULL = YES;
				CLANG_ANALYZER_NUMBER_OBJECT_CONVERSION = YES_AGGRESSIVE;
				CLANG_CXX_LANGUAGE_STANDARD = "gnu++20";
				CLANG_ENABLE_MODULES = YES;
				CLANG_ENABLE_OBJC_ARC = YES;
				CLANG_ENABLE_OBJC_WEAK = YES;
				CLANG_WARN_BLOCK_CAPTURE_AUTORELEASING = YES;
				CLANG_WARN_BOOL_CONVERSION = YES;
				CLANG_WARN_COMMA = YES;
				CLANG_WARN_CONSTANT_CONVERSION = YES;
				CLANG_WARN_DEPRECATED_OBJC_IMPLEMENTATIONS = YES;
				CLANG_WARN_DIRECT_OBJC_ISA_USAGE = YES_ERROR;
				CLANG_WARN_DOCUMENTATION_COMMENTS = YES;
				CLANG_WARN_EMPTY_BODY = YES;
				CLANG_WARN_ENUM_CONVERSION = YES;
				CLANG_WARN_INFINITE_RECURSION = YES;
				CLANG_WARN_INT_CONVERSION = YES;
				CLANG_WARN_NON_LITERAL_NULL_CONVERSION = YES;
				CLANG_WARN_OBJC_IMPLICIT_RETAIN_SELF = YES;
				CLANG_WARN_OBJC_LITERAL_CONVERSION = YES;
				CLANG_WARN_OBJC_ROOT_CLASS = YES_ERROR;
				CLANG_WARN_QUOTED_INCLUDE_IN_FRAMEWORK_HEADER = YES;
				CLANG_WARN_RANGE_LOOP_ANALYSIS = YES;
				CLANG_WARN_STRICT_PROTOTYPES = YES;
				CLANG_WARN_SUSPICIOUS_MOVE = YES;
				CLANG_WARN_UNGUARDED_AVAILABILITY = YES_AGGRESSIVE;
				CLANG_WARN_UNREACHABLE_CODE = YES;
				CLANG_WARN__DUPLICATE_METHOD_MATCH = YES;
				COPY_PHASE_STRIP = NO;
				DEBUG_INFORMATION_FORMAT = dwarf;
				ENABLE_STRICT_OBJC_MSGSEND = YES;
				ENABLE_TESTABILITY = YES;
				ENABLE_USER_SCRIPT_SANDBOXING = YES;
				GCC_C_LANGUAGE_STANDARD = gnu17;
				GCC_DYNAMIC_NO_PIC = NO;
				GCC_NO_COMMON_BLOCKS = YES;
				GCC_OPTIMIZATION_LEVEL = 0;
				GCC_PREPROCESSOR_DEFINITIONS = (
					"DEBUG=1",
					"$(inherited)",
				);
				GCC_WARN_64_TO_32_BIT_CONVERSION = YES;
				GCC_WARN_ABOUT_RETURN_TYPE = YES_ERROR;
				GCC_WARN_UNDECLARED_SELECTOR = YES;
				GCC_WARN_UNINITIALIZED_AUTOS = YES_AGGRESSIVE;
				GCC_WARN_UNUSED_FUNCTION = YES;
				GCC_WARN_UNUSED_VARIABLE = YES;
				IPHONEOS_DEPLOYMENT_TARGET = 17.0;
				LOCALIZATION_PREFERS_STRING_CATALOGS = YES;
				MTL_ENABLE_DEBUG_INFO = INCLUDE_SOURCE;
				MTL_FAST_MATH = YES;
				ONLY_ACTIVE_ARCH = YES;
				SDKROOT = iphoneos;
				SWIFT_ACTIVE_COMPILATION_CONDITIONS = "DEBUG $(inherited)";
				SWIFT_OPTIMIZATION_LEVEL = "-Onone";
			};
			name = Debug;
		};
		65BCDAA72A8641CE00B8947D /* Release */ = {
			isa = XCBuildConfiguration;
			buildSettings = {
				ALWAYS_SEARCH_USER_PATHS = NO;
				ASSETCATALOG_COMPILER_GENERATE_SWIFT_ASSET_SYMBOL_EXTENSIONS = YES;
				CLANG_ANALYZER_NONNULL = YES;
				CLANG_ANALYZER_NUMBER_OBJECT_CONVERSION = YES_AGGRESSIVE;
				CLANG_CXX_LANGUAGE_STANDARD = "gnu++20";
				CLANG_ENABLE_MODULES = YES;
				CLANG_ENABLE_OBJC_ARC = YES;
				CLANG_ENABLE_OBJC_WEAK = YES;
				CLANG_WARN_BLOCK_CAPTURE_AUTORELEASING = YES;
				CLANG_WARN_BOOL_CONVERSION = YES;
				CLANG_WARN_COMMA = YES;
				CLANG_WARN_CONSTANT_CONVERSION = YES;
				CLANG_WARN_DEPRECATED_OBJC_IMPLEMENTATIONS = YES;
				CLANG_WARN_DIRECT_OBJC_ISA_USAGE = YES_ERROR;
				CLANG_WARN_DOCUMENTATION_COMMENTS = YES;
				CLANG_WARN_EMPTY_BODY = YES;
				CLANG_WARN_ENUM_CONVERSION = YES;
				CLANG_WARN_INFINITE_RECURSION = YES;
				CLANG_WARN_INT_CONVERSION = YES;
				CLANG_WARN_NON_LITERAL_NULL_CONVERSION = YES;
				CLANG_WARN_OBJC_IMPLICIT_RETAIN_SELF = YES;
				CLANG_WARN_OBJC_LITERAL_CONVERSION = YES;
				CLANG_WARN_OBJC_ROOT_CLASS = YES_ERROR;
				CLANG_WARN_QUOTED_INCLUDE_IN_FRAMEWORK_HEADER = YES;
				CLANG_WARN_RANGE_LOOP_ANALYSIS = YES;
				CLANG_WARN_STRICT_PROTOTYPES = YES;
				CLANG_WARN_SUSPICIOUS_MOVE = YES;
				CLANG_WARN_UNGUARDED_AVAILABILITY = YES_AGGRESSIVE;
				CLANG_WARN_UNREACHABLE_CODE = YES;
				CLANG_WARN__DUPLICATE_METHOD_MATCH = YES;
				COPY_PHASE_STRIP = NO;
				DEBUG_INFORMATION_FORMAT = "dwarf-with-dsym";
				ENABLE_NS_ASSERTIONS = NO;
				ENABLE_STRICT_OBJC_MSGSEND = YES;
				ENABLE_USER_SCRIPT_SANDBOXING = YES;
				GCC_C_LANGUAGE_STANDARD = gnu17;
				GCC_NO_COMMON_BLOCKS = YES;
				GCC_WARN_64_TO_32_BIT_CONVERSION = YES;
				GCC_WARN_ABOUT_RETURN_TYPE = YES_ERROR;
				GCC_WARN_UNDECLARED_SELECTOR = YES;
				GCC_WARN_UNINITIALIZED_AUTOS = YES_AGGRESSIVE;
				GCC_WARN_UNUSED_FUNCTION = YES;
				GCC_WARN_UNUSED_VARIABLE = YES;
				IPHONEOS_DEPLOYMENT_TARGET = 17.0;
				LOCALIZATION_PREFERS_STRING_CATALOGS = YES;
				MTL_ENABLE_DEBUG_INFO = NO;
				MTL_FAST_MATH = YES;
				SDKROOT = iphoneos;
				SWIFT_COMPILATION_MODE = wholemodule;
				VALIDATE_PRODUCT = YES;
			};
			name = Release;
		};
		65BCDAA92A8641CE00B8947D /* Debug */ = {
			isa = XCBuildConfiguration;
			buildSettings = {
				ASSETCATALOG_COMPILER_APPICON_NAME = AppIcon;
				ASSETCATALOG_COMPILER_GLOBAL_ACCENT_COLOR_NAME = AccentColor;
				CODE_SIGN_STYLE = Automatic;
				CURRENT_PROJECT_VERSION = 1;
				DEVELOPMENT_ASSET_PATHS = "\"CreatingCharts/Preview Content\"";
				DEVELOPMENT_TEAM = CPP9KV3QC8;
				ENABLE_PREVIEWS = YES;
				GENERATE_INFOPLIST_FILE = YES;
				INFOPLIST_KEY_UIApplicationSceneManifest_Generation = YES;
				INFOPLIST_KEY_UIApplicationSupportsIndirectInputEvents = YES;
				INFOPLIST_KEY_UILaunchScreen_Generation = YES;
				INFOPLIST_KEY_UISupportedInterfaceOrientations_iPad = "UIInterfaceOrientationPortrait UIInterfaceOrientationPortraitUpsideDown UIInterfaceOrientationLandscapeLeft UIInterfaceOrientationLandscapeRight";
				INFOPLIST_KEY_UISupportedInterfaceOrientations_iPhone = "UIInterfaceOrientationPortrait UIInterfaceOrientationLandscapeLeft UIInterfaceOrientationLandscapeRight";
				LD_RUNPATH_SEARCH_PATHS = (
					"$(inherited)",
					"@executable_path/Frameworks",
				);
				MARKETING_VERSION = 1.0;
				PRODUCT_BUNDLE_IDENTIFIER = VC.CreatingCharts;
				PRODUCT_NAME = "$(TARGET_NAME)";
				SWIFT_EMIT_LOC_STRINGS = YES;
				SWIFT_VERSION = 5.0;
				TARGETED_DEVICE_FAMILY = "1,2";
			};
			name = Debug;
		};
		65BCDAAA2A8641CE00B8947D /* Release */ = {
			isa = XCBuildConfiguration;
			buildSettings = {
				ASSETCATALOG_COMPILER_APPICON_NAME = AppIcon;
				ASSETCATALOG_COMPILER_GLOBAL_ACCENT_COLOR_NAME = AccentColor;
				CODE_SIGN_STYLE = Automatic;
				CURRENT_PROJECT_VERSION = 1;
				DEVELOPMENT_ASSET_PATHS = "\"CreatingCharts/Preview Content\"";
				DEVELOPMENT_TEAM = CPP9KV3QC8;
				ENABLE_PREVIEWS = YES;
				GENERATE_INFOPLIST_FILE = YES;
				INFOPLIST_KEY_UIApplicationSceneManifest_Generation = YES;
				INFOPLIST_KEY_UIApplicationSupportsIndirectInputEvents = YES;
				INFOPLIST_KEY_UILaunchScreen_Generation = YES;
				INFOPLIST_KEY_UISupportedInterfaceOrientations_iPad = "UIInterfaceOrientationPortrait UIInterfaceOrientationPortraitUpsideDown UIInterfaceOrientationLandscapeLeft UIInterfaceOrientationLandscapeRight";
				INFOPLIST_KEY_UISupportedInterfaceOrientations_iPhone = "UIInterfaceOrientationPortrait UIInterfaceOrientationLandscapeLeft UIInterfaceOrientationLandscapeRight";
				LD_RUNPATH_SEARCH_PATHS = (
					"$(inherited)",
					"@executable_path/Frameworks",
				);
				MARKETING_VERSION = 1.0;
				PRODUCT_BUNDLE_IDENTIFIER = VC.CreatingCharts;
				PRODUCT_NAME = "$(TARGET_NAME)";
				SWIFT_EMIT_LOC_STRINGS = YES;
				SWIFT_VERSION = 5.0;
				TARGETED_DEVICE_FAMILY = "1,2";
			};
			name = Release;
		};
/* End XCBuildConfiguration section */

/* Begin XCConfigurationList section */
		65BCDA952A8641CA00B8947D /* Build configuration list for PBXProject "CreatingCharts" */ = {
			isa = XCConfigurationList;
			buildConfigurations = (
				65BCDAA62A8641CE00B8947D /* Debug */,
				65BCDAA72A8641CE00B8947D /* Release */,
			);
			defaultConfigurationIsVisible = 0;
			defaultConfigurationName = Release;
		};
		65BCDAA82A8641CE00B8947D /* Build configuration list for PBXNativeTarget "CreatingCharts" */ = {
			isa = XCConfigurationList;
			buildConfigurations = (
				65BCDAA92A8641CE00B8947D /* Debug */,
				65BCDAAA2A8641CE00B8947D /* Release */,
			);
			defaultConfigurationIsVisible = 0;
			defaultConfigurationName = Release;
		};
/* End XCConfigurationList section */
	};
	rootObject = 65BCDA922A8641CA00B8947D /* Project object */;
}
